
Microsoft Visual Studio Solution File, Format Version 12.00
# Visual Studio Version 16
VisualStudioVersion = 16.0.31025.194
MinimumVisualStudioVersion = 10.0.40219.1
Project("{FAE04EC0-301F-11D3-BF4B-00C04F79EFBC}") = "TFourMusic", "TFourMusic\TFourMusic.csproj", "{1BD692AA-8B58-424F-A6E5-EA1461D93485}"
EndProject
Global
	GlobalSection(SolutionConfigurationPlatforms) = preSolution
		Debug|Any CPU = Debug|Any CPU
		Release|Any CPU = Release|Any CPU
	EndGlobalSection
	GlobalSection(ProjectConfigurationPlatforms) = postSolution
		{1BD692AA-8B58-424F-A6E5-EA1461D93485}.Debug|Any CPU.ActiveCfg = Debug|Any CPU
		{1BD692AA-8B58-424F-A6E5-EA1461D93485}.Debug|Any CPU.Build.0 = Debug|Any CPU
		{1BD692AA-8B58-424F-A6E5-EA1461D93485}.Release|Any CPU.ActiveCfg = Release|Any CPU
		{1BD692AA-8B58-424F-A6E5-EA1461D93485}.Release|Any CPU.Build.0 = Release|Any CPU
	EndGlobalSection
	GlobalSection(SolutionProperties) = preSolution
		HideSolutionNode = FALSE
	EndGlobalSection
	GlobalSection(ExtensibilityGlobals) = postSolution
		SolutionGuid = {8C0CF577-3501-4E3A-A867-B53235774005}
	EndGlobalSection
EndGlobal
